
Microsoft Visual Studio Solution File, Format Version 12.00
# Visual Studio Version 16
VisualStudioVersion = 16.0.30523.141
MinimumVisualStudioVersion = 10.0.40219.1
Project("{9A19103F-16F7-4668-BE54-9A1E7A4F7556}") = "json-ld.net", "src\json-ld.net\json-ld.net.csproj", "{E1AB2A29-D1E4-45A1-9076-8255916F5693}"
EndProject
Project("{9A19103F-16F7-4668-BE54-9A1E7A4F7556}") = "json-ld.net.tests", "test\json-ld.net.tests\json-ld.net.tests.csproj", "{05CBE0E2-FBD2-40D1-BD9A-D30BD7ACF219}"
EndProject
Project("{2150E333-8FDC-42A3-9474-1A3956D46DE8}") = "src", "src", "{8D83EC18-10BB-4C6E-A34A-AC183AD6D814}"
EndProject
Project("{2150E333-8FDC-42A3-9474-1A3956D46DE8}") = "test", "test", "{8010CF28-BCB3-4DC2-901F-3118B2AAD142}"
EndProject
Project("{2150E333-8FDC-42A3-9474-1A3956D46DE8}") = "root", "root", "{4B8ED350-355A-4D30-9F63-B13FBFDBD9E8}"
	ProjectSection(SolutionItems) = preProject
		.gitignore = .gitignore
	EndProjectSection
EndProject
Project("{9A19103F-16F7-4668-BE54-9A1E7A4F7556}") = "OmniJson", "src\omnijson\OmniJson\OmniJson.csproj", "{08018825-CCFF-49B3-812E-611AF7098F6D}"
EndProject
Project("{2150E333-8FDC-42A3-9474-1A3956D46DE8}") = "omnijson", "omnijson", "{EC62C414-9496-4BC8-A0D9-B6ACE1A80308}"
EndProject
Project("{9A19103F-16F7-4668-BE54-9A1E7A4F7556}") = "OmniJson.Newtonsoft", "src\omnijson\OmniJson.Newtonsoft\OmniJson.Newtonsoft.csproj", "{46CD8E28-88F9-4907-A1E7-AD60334333BD}"
EndProject
Project("{9A19103F-16F7-4668-BE54-9A1E7A4F7556}") = "OmniJson.SystemTextJson", "src\omnijson\OmniJson.SystemTextJson\OmniJson.SystemTextJson.csproj", "{92DA82AE-5CCD-4C41-951E-CADDD04D0AE4}"
EndProject
Global
	GlobalSection(SolutionConfigurationPlatforms) = preSolution
		Debug|Any CPU = Debug|Any CPU
		Release|Any CPU = Release|Any CPU
	EndGlobalSection
	GlobalSection(ProjectConfigurationPlatforms) = postSolution
		{E1AB2A29-D1E4-45A1-9076-8255916F5693}.Debug|Any CPU.ActiveCfg = Debug|Any CPU
		{E1AB2A29-D1E4-45A1-9076-8255916F5693}.Debug|Any CPU.Build.0 = Debug|Any CPU
		{E1AB2A29-D1E4-45A1-9076-8255916F5693}.Release|Any CPU.ActiveCfg = Release|Any CPU
		{E1AB2A29-D1E4-45A1-9076-8255916F5693}.Release|Any CPU.Build.0 = Release|Any CPU
		{05CBE0E2-FBD2-40D1-BD9A-D30BD7ACF219}.Debug|Any CPU.ActiveCfg = Debug|Any CPU
		{05CBE0E2-FBD2-40D1-BD9A-D30BD7ACF219}.Debug|Any CPU.Build.0 = Debug|Any CPU
		{05CBE0E2-FBD2-40D1-BD9A-D30BD7ACF219}.Release|Any CPU.ActiveCfg = Release|Any CPU
		{05CBE0E2-FBD2-40D1-BD9A-D30BD7ACF219}.Release|Any CPU.Build.0 = Release|Any CPU
		{08018825-CCFF-49B3-812E-611AF7098F6D}.Debug|Any CPU.ActiveCfg = Debug|Any CPU
		{08018825-CCFF-49B3-812E-611AF7098F6D}.Debug|Any CPU.Build.0 = Debug|Any CPU
		{08018825-CCFF-49B3-812E-611AF7098F6D}.Release|Any CPU.ActiveCfg = Release|Any CPU
		{08018825-CCFF-49B3-812E-611AF7098F6D}.Release|Any CPU.Build.0 = Release|Any CPU
		{46CD8E28-88F9-4907-A1E7-AD60334333BD}.Debug|Any CPU.ActiveCfg = Debug|Any CPU
		{46CD8E28-88F9-4907-A1E7-AD60334333BD}.Debug|Any CPU.Build.0 = Debug|Any CPU
		{46CD8E28-88F9-4907-A1E7-AD60334333BD}.Release|Any CPU.ActiveCfg = Release|Any CPU
		{46CD8E28-88F9-4907-A1E7-AD60334333BD}.Release|Any CPU.Build.0 = Release|Any CPU
		{92DA82AE-5CCD-4C41-951E-CADDD04D0AE4}.Debug|Any CPU.ActiveCfg = Debug|Any CPU
		{92DA82AE-5CCD-4C41-951E-CADDD04D0AE4}.Debug|Any CPU.Build.0 = Debug|Any CPU
		{92DA82AE-5CCD-4C41-951E-CADDD04D0AE4}.Release|Any CPU.ActiveCfg = Release|Any CPU
		{92DA82AE-5CCD-4C41-951E-CADDD04D0AE4}.Release|Any CPU.Build.0 = Release|Any CPU
	EndGlobalSection
	GlobalSection(SolutionProperties) = preSolution
		HideSolutionNode = FALSE
	EndGlobalSection
	GlobalSection(NestedProjects) = preSolution
		{E1AB2A29-D1E4-45A1-9076-8255916F5693} = {8D83EC18-10BB-4C6E-A34A-AC183AD6D814}
		{05CBE0E2-FBD2-40D1-BD9A-D30BD7ACF219} = {8010CF28-BCB3-4DC2-901F-3118B2AAD142}
		{08018825-CCFF-49B3-812E-611AF7098F6D} = {EC62C414-9496-4BC8-A0D9-B6ACE1A80308}
		{EC62C414-9496-4BC8-A0D9-B6ACE1A80308} = {8D83EC18-10BB-4C6E-A34A-AC183AD6D814}
		{46CD8E28-88F9-4907-A1E7-AD60334333BD} = {EC62C414-9496-4BC8-A0D9-B6ACE1A80308}
		{92DA82AE-5CCD-4C41-951E-CADDD04D0AE4} = {EC62C414-9496-4BC8-A0D9-B6ACE1A80308}
	EndGlobalSection
	GlobalSection(ExtensibilityGlobals) = postSolution
		SolutionGuid = {F10834B6-ACA3-4C86-892B-368D0B68ED83}
	EndGlobalSection
EndGlobal
