
Microsoft Visual Studio Solution File, Format Version 12.00
# Visual Studio 2013
VisualStudioVersion = 12.0.30723.0
MinimumVisualStudioVersion = 10.0.40219.1
Project("{FAE04EC0-301F-11D3-BF4B-00C04F79EFBC}") = "JsonLD", "src\JsonLD\JsonLD.csproj", "{C2DC1FFE-CD13-430E-B2FF-01574F72CACD}"
EndProject
Project("{2150E333-8FDC-42A3-9474-1A3956D46DE8}") = ".nuget", ".nuget", "{BADA6FA2-85B9-40C9-A4E4-C64F01F6AB99}"
	ProjectSection(SolutionItems) = preProject
		.nuget\NuGet.Config = .nuget\NuGet.Config
		.nuget\NuGet.exe = .nuget\NuGet.exe
		.nuget\NuGet.targets = .nuget\NuGet.targets
	EndProjectSection
EndProject
Project("{FAE04EC0-301F-11D3-BF4B-00C04F79EFBC}") = "JsonLD.Test", "tests\JsonLD.Test\JsonLD.Test.csproj", "{D41C622A-4470-4BE1-AB20-D9862B628840}"
EndProject
Project("{FAE04EC0-301F-11D3-BF4B-00C04F79EFBC}") = "JsonLD.Portable", "src\JsonLD.Portable\JsonLD.Portable.csproj", "{F119722F-5E6A-4479-A4CF-0CE00FF29737}"
EndProject
Global
	GlobalSection(SolutionConfigurationPlatforms) = preSolution
		Debug|Any CPU = Debug|Any CPU
		Release|Any CPU = Release|Any CPU
	EndGlobalSection
	GlobalSection(ProjectConfigurationPlatforms) = postSolution
		{C2DC1FFE-CD13-430E-B2FF-01574F72CACD}.Debug|Any CPU.ActiveCfg = Debug|Any CPU
		{C2DC1FFE-CD13-430E-B2FF-01574F72CACD}.Debug|Any CPU.Build.0 = Debug|Any CPU
		{C2DC1FFE-CD13-430E-B2FF-01574F72CACD}.Release|Any CPU.ActiveCfg = Release|Any CPU
		{C2DC1FFE-CD13-430E-B2FF-01574F72CACD}.Release|Any CPU.Build.0 = Release|Any CPU
		{D41C622A-4470-4BE1-AB20-D9862B628840}.Debug|Any CPU.ActiveCfg = Debug|Any CPU
		{D41C622A-4470-4BE1-AB20-D9862B628840}.Debug|Any CPU.Build.0 = Debug|Any CPU
		{D41C622A-4470-4BE1-AB20-D9862B628840}.Release|Any CPU.ActiveCfg = Release|Any CPU
		{D41C622A-4470-4BE1-AB20-D9862B628840}.Release|Any CPU.Build.0 = Release|Any CPU
		{F119722F-5E6A-4479-A4CF-0CE00FF29737}.Debug|Any CPU.ActiveCfg = Debug|Any CPU
		{F119722F-5E6A-4479-A4CF-0CE00FF29737}.Debug|Any CPU.Build.0 = Debug|Any CPU
		{F119722F-5E6A-4479-A4CF-0CE00FF29737}.Release|Any CPU.ActiveCfg = Release|Any CPU
		{F119722F-5E6A-4479-A4CF-0CE00FF29737}.Release|Any CPU.Build.0 = Release|Any CPU
	EndGlobalSection
	GlobalSection(SolutionProperties) = preSolution
		HideSolutionNode = FALSE
	EndGlobalSection
EndGlobal
